
Microsoft Visual Studio Solution File, Format Version 12.00
# Visual Studio Version 17
VisualStudioVersion = 17.4.33103.184
MinimumVisualStudioVersion = 10.0.40219.1
Project("{FAE04EC0-301F-11D3-BF4B-00C04F79EFBC}") = "SolidPrinciples", "SolidPrinciples\SolidPrinciples.csproj", "{8DDA0D20-F45A-41EB-B8A2-4484190156F0}"
EndProject
Global
	GlobalSection(SolutionConfigurationPlatforms) = preSolution
		Debug|Any CPU = Debug|Any CPU
		Release|Any CPU = Release|Any CPU
	EndGlobalSection
	GlobalSection(ProjectConfigurationPlatforms) = postSolution
		{8DDA0D20-F45A-41EB-B8A2-4484190156F0}.Debug|Any CPU.ActiveCfg = Debug|Any CPU
		{8DDA0D20-F45A-41EB-B8A2-4484190156F0}.Debug|Any CPU.Build.0 = Debug|Any CPU
		{8DDA0D20-F45A-41EB-B8A2-4484190156F0}.Release|Any CPU.ActiveCfg = Release|Any CPU
		{8DDA0D20-F45A-41EB-B8A2-4484190156F0}.Release|Any CPU.Build.0 = Release|Any CPU
	EndGlobalSection
	GlobalSection(SolutionProperties) = preSolution
		HideSolutionNode = FALSE
	EndGlobalSection
	GlobalSection(ExtensibilityGlobals) = postSolution
		SolutionGuid = {F39983F3-FAD1-48A5-8DE8-18439440E4F3}
	EndGlobalSection
EndGlobal
